// !$*UTF8*$!
{
	archiveVersion = 1;
	classes = {
	};
	objectVersion = 56;
	objects = {

/* Begin PBXBuildFile section */
		C9040BB62A5FDDBE004E965D /* NetworkManager.swift in Sources */ = {isa = PBXBuildFile; fileRef = C9040BB52A5FDDBE004E965D /* NetworkManager.swift */; };
		C9040BBC2A5FFBBC004E965D /* UIKit.swift in Sources */ = {isa = PBXBuildFile; fileRef = C9040BBB2A5FFBBC004E965D /* UIKit.swift */; };
		C9040BBE2A5FFBDF004E965D /* Foundation.swift in Sources */ = {isa = PBXBuildFile; fileRef = C9040BBD2A5FFBDF004E965D /* Foundation.swift */; };
		C908A5142A8A468C0031C8DE /* WPPageView.swift in Sources */ = {isa = PBXBuildFile; fileRef = C908A5132A8A468C0031C8DE /* WPPageView.swift */; };
		C91259DA2AAB33B700A74B16 /* SwiftSoup in Frameworks */ = {isa = PBXBuildFile; productRef = C91259D92AAB33B700A74B16 /* SwiftSoup */; };
		C93299D42A8F798C000E3C26 /* ViewModifiers.swift in Sources */ = {isa = PBXBuildFile; fileRef = C93299D32A8F798C000E3C26 /* ViewModifiers.swift */; };
		C93AE2E02A700FAC00BCF683 /* DataService.swift in Sources */ = {isa = PBXBuildFile; fileRef = C93AE2DF2A700FAC00BCF683 /* DataService.swift */; };
		C93AE2E82A731D1800BCF683 /* WPPostModel.swift in Sources */ = {isa = PBXBuildFile; fileRef = C93AE2E72A731D1800BCF683 /* WPPostModel.swift */; };
		C93AE2EA2A77F89F00BCF683 /* SidebarViewModel.swift in Sources */ = {isa = PBXBuildFile; fileRef = C93AE2E92A77F89F00BCF683 /* SidebarViewModel.swift */; };
		C94EB6C62A8CE66D005AD895 /* SidebarItemsPreferenceKey.swift in Sources */ = {isa = PBXBuildFile; fileRef = C94EB6C52A8CE66D005AD895 /* SidebarItemsPreferenceKey.swift */; };
		C97EA6F22A2889670082001B /* VattersoApp.swift in Sources */ = {isa = PBXBuildFile; fileRef = C97EA6F12A2889670082001B /* VattersoApp.swift */; };
		C97EA6F42A2889670082001B /* ContentView.swift in Sources */ = {isa = PBXBuildFile; fileRef = C97EA6F32A2889670082001B /* ContentView.swift */; };
		C97EA6F62A28896C0082001B /* Assets.xcassets in Resources */ = {isa = PBXBuildFile; fileRef = C97EA6F52A28896C0082001B /* Assets.xcassets */; };
		C97EA6F92A28896C0082001B /* Preview Assets.xcassets in Resources */ = {isa = PBXBuildFile; fileRef = C97EA6F82A28896C0082001B /* Preview Assets.xcassets */; };
		C97EA6FB2A28896C0082001B /* Persistence.swift in Sources */ = {isa = PBXBuildFile; fileRef = C97EA6FA2A28896C0082001B /* Persistence.swift */; };
		C97EA6FE2A28896C0082001B /* Vatterso.xcdatamodeld in Sources */ = {isa = PBXBuildFile; fileRef = C97EA6FC2A28896C0082001B /* Vatterso.xcdatamodeld */; };
		C97EA7082A28896D0082001B /* VattersoTests.swift in Sources */ = {isa = PBXBuildFile; fileRef = C97EA7072A28896D0082001B /* VattersoTests.swift */; };
		C97EA7122A28896D0082001B /* VattersoUITests.swift in Sources */ = {isa = PBXBuildFile; fileRef = C97EA7112A28896D0082001B /* VattersoUITests.swift */; };
		C97EA7142A28896D0082001B /* VattersoUITestsLaunchTests.swift in Sources */ = {isa = PBXBuildFile; fileRef = C97EA7132A28896D0082001B /* VattersoUITestsLaunchTests.swift */; };
		C97EA7232A28A1540082001B /* MainTabBarView.swift in Sources */ = {isa = PBXBuildFile; fileRef = C97EA7222A28A1540082001B /* MainTabBarView.swift */; };
		C9AA75332AC9DA960038F893 /* ZoomableScrollView.swift in Sources */ = {isa = PBXBuildFile; fileRef = C9AA75322AC9DA960038F893 /* ZoomableScrollView.swift */; };
		C9AA75352AC9DB8F0038F893 /* WPImage.swift in Sources */ = {isa = PBXBuildFile; fileRef = C9AA75342AC9DB8F0038F893 /* WPImage.swift */; };
		C9BC0E4B2A8A3A6B00DCD270 /* SidebarView.swift in Sources */ = {isa = PBXBuildFile; fileRef = C9BC0E4A2A8A3A6B00DCD270 /* SidebarView.swift */; };
		C9BC0E4D2A8A3AD900DCD270 /* SidebarItem.swift in Sources */ = {isa = PBXBuildFile; fileRef = C9BC0E4C2A8A3AD900DCD270 /* SidebarItem.swift */; };
		C9D41C152AF163DD00EAFE7A /* DatabaseManager.swift in Sources */ = {isa = PBXBuildFile; fileRef = C9D41C142AF163DD00EAFE7A /* DatabaseManager.swift */; };
		C9D41C172AF164E000EAFE7A /* LocalFileManager.swift in Sources */ = {isa = PBXBuildFile; fileRef = C9D41C162AF164DF00EAFE7A /* LocalFileManager.swift */; };
		C9EBDE712A82620E0059CC8F /* SidebarMenu.swift in Sources */ = {isa = PBXBuildFile; fileRef = C9EBDE702A82620E0059CC8F /* SidebarMenu.swift */; };
		C9EBDE732A840B7F0059CC8F /* String+regex.swift in Sources */ = {isa = PBXBuildFile; fileRef = C9EBDE722A840B7F0059CC8F /* String+regex.swift */; };
		C9EBDE752A84457E0059CC8F /* SpinnerWhileLoadingView.swift in Sources */ = {isa = PBXBuildFile; fileRef = C9EBDE742A84457E0059CC8F /* SpinnerWhileLoadingView.swift */; };
/* End PBXBuildFile section */

/* Begin PBXContainerItemProxy section */
		C97EA7042A28896D0082001B /* PBXContainerItemProxy */ = {
			isa = PBXContainerItemProxy;
			containerPortal = C97EA6E62A2889660082001B /* Project object */;
			proxyType = 1;
			remoteGlobalIDString = C97EA6ED2A2889670082001B;
			remoteInfo = Vatterso;
		};
		C97EA70E2A28896D0082001B /* PBXContainerItemProxy */ = {
			isa = PBXContainerItemProxy;
			containerPortal = C97EA6E62A2889660082001B /* Project object */;
			proxyType = 1;
			remoteGlobalIDString = C97EA6ED2A2889670082001B;
			remoteInfo = Vatterso;
		};
/* End PBXContainerItemProxy section */

/* Begin PBXFileReference section */
		C9040BB52A5FDDBE004E965D /* NetworkManager.swift */ = {isa = PBXFileReference; fileEncoding = 4; lastKnownFileType = sourcecode.swift; path = NetworkManager.swift; sourceTree = "<group>"; };
		C9040BBB2A5FFBBC004E965D /* UIKit.swift */ = {isa = PBXFileReference; lastKnownFileType = sourcecode.swift; path = UIKit.swift; sourceTree = "<group>"; };
		C9040BBD2A5FFBDF004E965D /* Foundation.swift */ = {isa = PBXFileReference; lastKnownFileType = sourcecode.swift; path = Foundation.swift; sourceTree = "<group>"; };
		C908A5132A8A468C0031C8DE /* WPPageView.swift */ = {isa = PBXFileReference; lastKnownFileType = sourcecode.swift; path = WPPageView.swift; sourceTree = "<group>"; };
		C93299D32A8F798C000E3C26 /* ViewModifiers.swift */ = {isa = PBXFileReference; lastKnownFileType = sourcecode.swift; path = ViewModifiers.swift; sourceTree = "<group>"; };
		C93AE2DF2A700FAC00BCF683 /* DataService.swift */ = {isa = PBXFileReference; lastKnownFileType = sourcecode.swift; path = DataService.swift; sourceTree = "<group>"; };
		C93AE2E72A731D1800BCF683 /* WPPostModel.swift */ = {isa = PBXFileReference; lastKnownFileType = sourcecode.swift; path = WPPostModel.swift; sourceTree = "<group>"; };
		C93AE2E92A77F89F00BCF683 /* SidebarViewModel.swift */ = {isa = PBXFileReference; lastKnownFileType = sourcecode.swift; path = SidebarViewModel.swift; sourceTree = "<group>"; };
		C93F18792A62D62E00CA661C /* Info.plist */ = {isa = PBXFileReference; lastKnownFileType = text.plist; path = Info.plist; sourceTree = "<group>"; };
		C94EB6C52A8CE66D005AD895 /* SidebarItemsPreferenceKey.swift */ = {isa = PBXFileReference; lastKnownFileType = sourcecode.swift; path = SidebarItemsPreferenceKey.swift; sourceTree = "<group>"; };
		C97EA6EE2A2889670082001B /* Vatterso.app */ = {isa = PBXFileReference; explicitFileType = wrapper.application; includeInIndex = 0; path = Vatterso.app; sourceTree = BUILT_PRODUCTS_DIR; };
		C97EA6F12A2889670082001B /* VattersoApp.swift */ = {isa = PBXFileReference; lastKnownFileType = sourcecode.swift; path = VattersoApp.swift; sourceTree = "<group>"; };
		C97EA6F32A2889670082001B /* ContentView.swift */ = {isa = PBXFileReference; lastKnownFileType = sourcecode.swift; path = ContentView.swift; sourceTree = "<group>"; };
		C97EA6F52A28896C0082001B /* Assets.xcassets */ = {isa = PBXFileReference; lastKnownFileType = folder.assetcatalog; path = Assets.xcassets; sourceTree = "<group>"; };
		C97EA6F82A28896C0082001B /* Preview Assets.xcassets */ = {isa = PBXFileReference; lastKnownFileType = folder.assetcatalog; path = "Preview Assets.xcassets"; sourceTree = "<group>"; };
		C97EA6FA2A28896C0082001B /* Persistence.swift */ = {isa = PBXFileReference; lastKnownFileType = sourcecode.swift; path = Persistence.swift; sourceTree = "<group>"; };
		C97EA6FD2A28896C0082001B /* Vatterso.xcdatamodel */ = {isa = PBXFileReference; lastKnownFileType = wrapper.xcdatamodel; path = Vatterso.xcdatamodel; sourceTree = "<group>"; };
		C97EA7032A28896D0082001B /* VattersoTests.xctest */ = {isa = PBXFileReference; explicitFileType = wrapper.cfbundle; includeInIndex = 0; path = VattersoTests.xctest; sourceTree = BUILT_PRODUCTS_DIR; };
		C97EA7072A28896D0082001B /* VattersoTests.swift */ = {isa = PBXFileReference; lastKnownFileType = sourcecode.swift; path = VattersoTests.swift; sourceTree = "<group>"; };
		C97EA70D2A28896D0082001B /* VattersoUITests.xctest */ = {isa = PBXFileReference; explicitFileType = wrapper.cfbundle; includeInIndex = 0; path = VattersoUITests.xctest; sourceTree = BUILT_PRODUCTS_DIR; };
		C97EA7112A28896D0082001B /* VattersoUITests.swift */ = {isa = PBXFileReference; lastKnownFileType = sourcecode.swift; path = VattersoUITests.swift; sourceTree = "<group>"; };
		C97EA7132A28896D0082001B /* VattersoUITestsLaunchTests.swift */ = {isa = PBXFileReference; lastKnownFileType = sourcecode.swift; path = VattersoUITestsLaunchTests.swift; sourceTree = "<group>"; };
		C97EA7222A28A1540082001B /* MainTabBarView.swift */ = {isa = PBXFileReference; lastKnownFileType = sourcecode.swift; path = MainTabBarView.swift; sourceTree = "<group>"; };
		C9AA75322AC9DA960038F893 /* ZoomableScrollView.swift */ = {isa = PBXFileReference; lastKnownFileType = sourcecode.swift; path = ZoomableScrollView.swift; sourceTree = "<group>"; };
		C9AA75342AC9DB8F0038F893 /* WPImage.swift */ = {isa = PBXFileReference; lastKnownFileType = sourcecode.swift; path = WPImage.swift; sourceTree = "<group>"; };
		C9BC0E4A2A8A3A6B00DCD270 /* SidebarView.swift */ = {isa = PBXFileReference; lastKnownFileType = sourcecode.swift; path = SidebarView.swift; sourceTree = "<group>"; };
		C9BC0E4C2A8A3AD900DCD270 /* SidebarItem.swift */ = {isa = PBXFileReference; lastKnownFileType = sourcecode.swift; path = SidebarItem.swift; sourceTree = "<group>"; };
		C9D41C142AF163DD00EAFE7A /* DatabaseManager.swift */ = {isa = PBXFileReference; lastKnownFileType = sourcecode.swift; path = DatabaseManager.swift; sourceTree = "<group>"; };
		C9D41C162AF164DF00EAFE7A /* LocalFileManager.swift */ = {isa = PBXFileReference; fileEncoding = 4; lastKnownFileType = sourcecode.swift; path = LocalFileManager.swift; sourceTree = "<group>"; };
		C9EBDE702A82620E0059CC8F /* SidebarMenu.swift */ = {isa = PBXFileReference; lastKnownFileType = sourcecode.swift; path = SidebarMenu.swift; sourceTree = "<group>"; };
		C9EBDE722A840B7F0059CC8F /* String+regex.swift */ = {isa = PBXFileReference; lastKnownFileType = sourcecode.swift; path = "String+regex.swift"; sourceTree = "<group>"; };
		C9EBDE742A84457E0059CC8F /* SpinnerWhileLoadingView.swift */ = {isa = PBXFileReference; lastKnownFileType = sourcecode.swift; path = SpinnerWhileLoadingView.swift; sourceTree = "<group>"; };
/* End PBXFileReference section */

/* Begin PBXFrameworksBuildPhase section */
		C97EA6EB2A2889670082001B /* Frameworks */ = {
			isa = PBXFrameworksBuildPhase;
			buildActionMask = 2147483647;
			files = (
				C91259DA2AAB33B700A74B16 /* SwiftSoup in Frameworks */,
			);
			runOnlyForDeploymentPostprocessing = 0;
		};
		C97EA7002A28896D0082001B /* Frameworks */ = {
			isa = PBXFrameworksBuildPhase;
			buildActionMask = 2147483647;
			files = (
			);
			runOnlyForDeploymentPostprocessing = 0;
		};
		C97EA70A2A28896D0082001B /* Frameworks */ = {
			isa = PBXFrameworksBuildPhase;
			buildActionMask = 2147483647;
			files = (
			);
			runOnlyForDeploymentPostprocessing = 0;
		};
/* End PBXFrameworksBuildPhase section */

/* Begin PBXGroup section */
		C9040BAF2A5FD2E5004E965D /* Networking */ = {
			isa = PBXGroup;
			children = (
				C9040BB52A5FDDBE004E965D /* NetworkManager.swift */,
				C93AE2DF2A700FAC00BCF683 /* DataService.swift */,
				C9D41C142AF163DD00EAFE7A /* DatabaseManager.swift */,
				C9D41C162AF164DF00EAFE7A /* LocalFileManager.swift */,
			);
			path = Networking;
			sourceTree = "<group>";
		};
		C9040BB02A5FD41E004E965D /* Model */ = {
			isa = PBXGroup;
			children = (
				C93AE2E72A731D1800BCF683 /* WPPostModel.swift */,
			);
			path = Model;
			sourceTree = "<group>";
		};
		C908A5122A8A45000031C8DE /* Reference */ = {
			isa = PBXGroup;
			children = (
				C97EA6F52A28896C0082001B /* Assets.xcassets */,
				C97EA6FC2A28896C0082001B /* Vatterso.xcdatamodeld */,
				C97EA6F32A2889670082001B /* ContentView.swift */,
				C97EA6FA2A28896C0082001B /* Persistence.swift */,
			);
			path = Reference;
			sourceTree = "<group>";
		};
		C93AE2E32A7130C000BCF683 /* WPPage */ = {
			isa = PBXGroup;
			children = (
				C908A5132A8A468C0031C8DE /* WPPageView.swift */,
			);
			path = WPPage;
			sourceTree = "<group>";
		};
		C93AE2E42A7130E800BCF683 /* SideMenu */ = {
			isa = PBXGroup;
			children = (
				C9BC0E4A2A8A3A6B00DCD270 /* SidebarView.swift */,
				C9BC0E4C2A8A3AD900DCD270 /* SidebarItem.swift */,
				C9EBDE702A82620E0059CC8F /* SidebarMenu.swift */,
				C94EB6C52A8CE66D005AD895 /* SidebarItemsPreferenceKey.swift */,
			);
			path = SideMenu;
			sourceTree = "<group>";
		};
		C97EA6E52A2889660082001B = {
			isa = PBXGroup;
			children = (
				C97EA6F02A2889670082001B /* Vatterso */,
				C97EA7062A28896D0082001B /* VattersoTests */,
				C97EA7102A28896D0082001B /* VattersoUITests */,
				C97EA6EF2A2889670082001B /* Products */,
			);
			sourceTree = "<group>";
		};
		C97EA6EF2A2889670082001B /* Products */ = {
			isa = PBXGroup;
			children = (
				C97EA6EE2A2889670082001B /* Vatterso.app */,
				C97EA7032A28896D0082001B /* VattersoTests.xctest */,
				C97EA70D2A28896D0082001B /* VattersoUITests.xctest */,
			);
			name = Products;
			sourceTree = "<group>";
		};
		C97EA6F02A2889670082001B /* Vatterso */ = {
			isa = PBXGroup;
			children = (
				C97EA6F12A2889670082001B /* VattersoApp.swift */,
				C97EA72D2A2CF8A10082001B /* Core */,
				C9040BB02A5FD41E004E965D /* Model */,
				C9040BAF2A5FD2E5004E965D /* Networking */,
				C97EA72C2A2CF8860082001B /* Extensions */,
				C908A5122A8A45000031C8DE /* Reference */,
				C93F18792A62D62E00CA661C /* Info.plist */,
				C97EA6F72A28896C0082001B /* Preview Content */,
			);
			path = Vatterso;
			sourceTree = "<group>";
		};
		C97EA6F72A28896C0082001B /* Preview Content */ = {
			isa = PBXGroup;
			children = (
				C97EA6F82A28896C0082001B /* Preview Assets.xcassets */,
			);
			path = "Preview Content";
			sourceTree = "<group>";
		};
		C97EA7062A28896D0082001B /* VattersoTests */ = {
			isa = PBXGroup;
			children = (
				C97EA7072A28896D0082001B /* VattersoTests.swift */,
			);
			path = VattersoTests;
			sourceTree = "<group>";
		};
		C97EA7102A28896D0082001B /* VattersoUITests */ = {
			isa = PBXGroup;
			children = (
				C97EA7112A28896D0082001B /* VattersoUITests.swift */,
				C97EA7132A28896D0082001B /* VattersoUITestsLaunchTests.swift */,
			);
			path = VattersoUITests;
			sourceTree = "<group>";
		};
		C97EA72C2A2CF8860082001B /* Extensions */ = {
			isa = PBXGroup;
			children = (
				C9040BBB2A5FFBBC004E965D /* UIKit.swift */,
				C9040BBD2A5FFBDF004E965D /* Foundation.swift */,
				C9EBDE722A840B7F0059CC8F /* String+regex.swift */,
				C93299D32A8F798C000E3C26 /* ViewModifiers.swift */,
			);
			path = Extensions;
			sourceTree = "<group>";
		};
		C97EA72D2A2CF8A10082001B /* Core */ = {
			isa = PBXGroup;
			children = (
				C9BC0E4E2A8A3D7E00DCD270 /* MainView */,
				C93AE2E42A7130E800BCF683 /* SideMenu */,
				C93AE2E32A7130C000BCF683 /* WPPage */,
				C97EA72E2A2CF8B50082001B /* Components */,
			);
			path = Core;
			sourceTree = "<group>";
		};
		C97EA72E2A2CF8B50082001B /* Components */ = {
			isa = PBXGroup;
			children = (
				C9EBDE742A84457E0059CC8F /* SpinnerWhileLoadingView.swift */,
				C9AA75322AC9DA960038F893 /* ZoomableScrollView.swift */,
				C9AA75342AC9DB8F0038F893 /* WPImage.swift */,
			);
			path = Components;
			sourceTree = "<group>";
		};
		C9BC0E4E2A8A3D7E00DCD270 /* MainView */ = {
			isa = PBXGroup;
			children = (
				C97EA7222A28A1540082001B /* MainTabBarView.swift */,
				C93AE2E92A77F89F00BCF683 /* SidebarViewModel.swift */,
			);
			path = MainView;
			sourceTree = "<group>";
		};
/* End PBXGroup section */

/* Begin PBXNativeTarget section */
		C97EA6ED2A2889670082001B /* Vatterso */ = {
			isa = PBXNativeTarget;
			buildConfigurationList = C97EA7172A28896D0082001B /* Build configuration list for PBXNativeTarget "Vatterso" */;
			buildPhases = (
				C97EA6EA2A2889670082001B /* Sources */,
				C97EA6EB2A2889670082001B /* Frameworks */,
				C97EA6EC2A2889670082001B /* Resources */,
			);
			buildRules = (
			);
			dependencies = (
			);
			name = Vatterso;
			packageProductDependencies = (
				C91259D92AAB33B700A74B16 /* SwiftSoup */,
			);
			productName = Vatterso;
			productReference = C97EA6EE2A2889670082001B /* Vatterso.app */;
			productType = "com.apple.product-type.application";
		};
		C97EA7022A28896D0082001B /* VattersoTests */ = {
			isa = PBXNativeTarget;
			buildConfigurationList = C97EA71A2A28896D0082001B /* Build configuration list for PBXNativeTarget "VattersoTests" */;
			buildPhases = (
				C97EA6FF2A28896D0082001B /* Sources */,
				C97EA7002A28896D0082001B /* Frameworks */,
				C97EA7012A28896D0082001B /* Resources */,
			);
			buildRules = (
			);
			dependencies = (
				C97EA7052A28896D0082001B /* PBXTargetDependency */,
			);
			name = VattersoTests;
			productName = VattersoTests;
			productReference = C97EA7032A28896D0082001B /* VattersoTests.xctest */;
			productType = "com.apple.product-type.bundle.unit-test";
		};
		C97EA70C2A28896D0082001B /* VattersoUITests */ = {
			isa = PBXNativeTarget;
			buildConfigurationList = C97EA71D2A28896D0082001B /* Build configuration list for PBXNativeTarget "VattersoUITests" */;
			buildPhases = (
				C97EA7092A28896D0082001B /* Sources */,
				C97EA70A2A28896D0082001B /* Frameworks */,
				C97EA70B2A28896D0082001B /* Resources */,
			);
			buildRules = (
			);
			dependencies = (
				C97EA70F2A28896D0082001B /* PBXTargetDependency */,
			);
			name = VattersoUITests;
			productName = VattersoUITests;
			productReference = C97EA70D2A28896D0082001B /* VattersoUITests.xctest */;
			productType = "com.apple.product-type.bundle.ui-testing";
		};
/* End PBXNativeTarget section */

/* Begin PBXProject section */
		C97EA6E62A2889660082001B /* Project object */ = {
			isa = PBXProject;
			attributes = {
				BuildIndependentTargetsInParallel = 1;
				LastSwiftUpdateCheck = 1420;
				LastUpgradeCheck = 1420;
				TargetAttributes = {
					C97EA6ED2A2889670082001B = {
						CreatedOnToolsVersion = 14.2;
					};
					C97EA7022A28896D0082001B = {
						CreatedOnToolsVersion = 14.2;
						TestTargetID = C97EA6ED2A2889670082001B;
					};
					C97EA70C2A28896D0082001B = {
						CreatedOnToolsVersion = 14.2;
						TestTargetID = C97EA6ED2A2889670082001B;
					};
				};
			};
			buildConfigurationList = C97EA6E92A2889660082001B /* Build configuration list for PBXProject "Vatterso" */;
			compatibilityVersion = "Xcode 14.0";
			developmentRegion = en;
			hasScannedForEncodings = 0;
			knownRegions = (
				en,
				Base,
			);
			mainGroup = C97EA6E52A2889660082001B;
			packageReferences = (
				C91259D82AAB33B700A74B16 /* XCRemoteSwiftPackageReference "SwiftSoup" */,
			);
			productRefGroup = C97EA6EF2A2889670082001B /* Products */;
			projectDirPath = "";
			projectRoot = "";
			targets = (
				C97EA6ED2A2889670082001B /* Vatterso */,
				C97EA7022A28896D0082001B /* VattersoTests */,
				C97EA70C2A28896D0082001B /* VattersoUITests */,
			);
		};
/* End PBXProject section */

/* Begin PBXResourcesBuildPhase section */
		C97EA6EC2A2889670082001B /* Resources */ = {
			isa = PBXResourcesBuildPhase;
			buildActionMask = 2147483647;
			files = (
				C97EA6F92A28896C0082001B /* Preview Assets.xcassets in Resources */,
				C97EA6F62A28896C0082001B /* Assets.xcassets in Resources */,
			);
			runOnlyForDeploymentPostprocessing = 0;
		};
		C97EA7012A28896D0082001B /* Resources */ = {
			isa = PBXResourcesBuildPhase;
			buildActionMask = 2147483647;
			files = (
			);
			runOnlyForDeploymentPostprocessing = 0;
		};
		C97EA70B2A28896D0082001B /* Resources */ = {
			isa = PBXResourcesBuildPhase;
			buildActionMask = 2147483647;
			files = (
			);
			runOnlyForDeploymentPostprocessing = 0;
		};
/* End PBXResourcesBuildPhase section */

/* Begin PBXSourcesBuildPhase section */
		C97EA6EA2A2889670082001B /* Sources */ = {
			isa = PBXSourcesBuildPhase;
			buildActionMask = 2147483647;
			files = (
				C9EBDE752A84457E0059CC8F /* SpinnerWhileLoadingView.swift in Sources */,
				C9AA75352AC9DB8F0038F893 /* WPImage.swift in Sources */,
				C9040BBE2A5FFBDF004E965D /* Foundation.swift in Sources */,
				C9040BB62A5FDDBE004E965D /* NetworkManager.swift in Sources */,
				C93299D42A8F798C000E3C26 /* ViewModifiers.swift in Sources */,
				C97EA6FB2A28896C0082001B /* Persistence.swift in Sources */,
				C9BC0E4D2A8A3AD900DCD270 /* SidebarItem.swift in Sources */,
				C94EB6C62A8CE66D005AD895 /* SidebarItemsPreferenceKey.swift in Sources */,
				C9D41C152AF163DD00EAFE7A /* DatabaseManager.swift in Sources */,
				C97EA7232A28A1540082001B /* MainTabBarView.swift in Sources */,
				C93AE2E02A700FAC00BCF683 /* DataService.swift in Sources */,
				C9BC0E4B2A8A3A6B00DCD270 /* SidebarView.swift in Sources */,
				C9AA75332AC9DA960038F893 /* ZoomableScrollView.swift in Sources */,
				C97EA6FE2A28896C0082001B /* Vatterso.xcdatamodeld in Sources */,
				C908A5142A8A468C0031C8DE /* WPPageView.swift in Sources */,
				C97EA6F42A2889670082001B /* ContentView.swift in Sources */,
				C93AE2EA2A77F89F00BCF683 /* SidebarViewModel.swift in Sources */,
				C9EBDE732A840B7F0059CC8F /* String+regex.swift in Sources */,
				C93AE2E82A731D1800BCF683 /* WPPostModel.swift in Sources */,
				C97EA6F22A2889670082001B /* VattersoApp.swift in Sources */,
				C9D41C172AF164E000EAFE7A /* LocalFileManager.swift in Sources */,
				C9040BBC2A5FFBBC004E965D /* UIKit.swift in Sources */,
				C9EBDE712A82620E0059CC8F /* SidebarMenu.swift in Sources */,
			);
			runOnlyForDeploymentPostprocessing = 0;
		};
		C97EA6FF2A28896D0082001B /* Sources */ = {
			isa = PBXSourcesBuildPhase;
			buildActionMask = 2147483647;
			files = (
				C97EA7082A28896D0082001B /* VattersoTests.swift in Sources */,
			);
			runOnlyForDeploymentPostprocessing = 0;
		};
		C97EA7092A28896D0082001B /* Sources */ = {
			isa = PBXSourcesBuildPhase;
			buildActionMask = 2147483647;
			files = (
				C97EA7142A28896D0082001B /* VattersoUITestsLaunchTests.swift in Sources */,
				C97EA7122A28896D0082001B /* VattersoUITests.swift in Sources */,
			);
			runOnlyForDeploymentPostprocessing = 0;
		};
/* End PBXSourcesBuildPhase section */

/* Begin PBXTargetDependency section */
		C97EA7052A28896D0082001B /* PBXTargetDependency */ = {
			isa = PBXTargetDependency;
			target = C97EA6ED2A2889670082001B /* Vatterso */;
			targetProxy = C97EA7042A28896D0082001B /* PBXContainerItemProxy */;
		};
		C97EA70F2A28896D0082001B /* PBXTargetDependency */ = {
			isa = PBXTargetDependency;
			target = C97EA6ED2A2889670082001B /* Vatterso */;
			targetProxy = C97EA70E2A28896D0082001B /* PBXContainerItemProxy */;
		};
/* End PBXTargetDependency section */

/* Begin XCBuildConfiguration section */
		C97EA7152A28896D0082001B /* Debug */ = {
			isa = XCBuildConfiguration;
			buildSettings = {
				ALWAYS_SEARCH_USER_PATHS = NO;
				CLANG_ANALYZER_NONNULL = YES;
				CLANG_ANALYZER_NUMBER_OBJECT_CONVERSION = YES_AGGRESSIVE;
				CLANG_CXX_LANGUAGE_STANDARD = "gnu++20";
				CLANG_ENABLE_MODULES = YES;
				CLANG_ENABLE_OBJC_ARC = YES;
				CLANG_ENABLE_OBJC_WEAK = YES;
				CLANG_WARN_BLOCK_CAPTURE_AUTORELEASING = YES;
				CLANG_WARN_BOOL_CONVERSION = YES;
				CLANG_WARN_COMMA = YES;
				CLANG_WARN_CONSTANT_CONVERSION = YES;
				CLANG_WARN_DEPRECATED_OBJC_IMPLEMENTATIONS = YES;
				CLANG_WARN_DIRECT_OBJC_ISA_USAGE = YES_ERROR;
				CLANG_WARN_DOCUMENTATION_COMMENTS = YES;
				CLANG_WARN_EMPTY_BODY = YES;
				CLANG_WARN_ENUM_CONVERSION = YES;
				CLANG_WARN_INFINITE_RECURSION = YES;
				CLANG_WARN_INT_CONVERSION = YES;
				CLANG_WARN_NON_LITERAL_NULL_CONVERSION = YES;
				CLANG_WARN_OBJC_IMPLICIT_RETAIN_SELF = YES;
				CLANG_WARN_OBJC_LITERAL_CONVERSION = YES;
				CLANG_WARN_OBJC_ROOT_CLASS = YES_ERROR;
				CLANG_WARN_QUOTED_INCLUDE_IN_FRAMEWORK_HEADER = YES;
				CLANG_WARN_RANGE_LOOP_ANALYSIS = YES;
				CLANG_WARN_STRICT_PROTOTYPES = YES;
				CLANG_WARN_SUSPICIOUS_MOVE = YES;
				CLANG_WARN_UNGUARDED_AVAILABILITY = YES_AGGRESSIVE;
				CLANG_WARN_UNREACHABLE_CODE = YES;
				CLANG_WARN__DUPLICATE_METHOD_MATCH = YES;
				COPY_PHASE_STRIP = NO;
				DEBUG_INFORMATION_FORMAT = dwarf;
				ENABLE_STRICT_OBJC_MSGSEND = YES;
				ENABLE_TESTABILITY = YES;
				GCC_C_LANGUAGE_STANDARD = gnu11;
				GCC_DYNAMIC_NO_PIC = NO;
				GCC_NO_COMMON_BLOCKS = YES;
				GCC_OPTIMIZATION_LEVEL = 0;
				GCC_PREPROCESSOR_DEFINITIONS = (
					"DEBUG=1",
					"$(inherited)",
				);
				GCC_WARN_64_TO_32_BIT_CONVERSION = YES;
				GCC_WARN_ABOUT_RETURN_TYPE = YES_ERROR;
				GCC_WARN_UNDECLARED_SELECTOR = YES;
				GCC_WARN_UNINITIALIZED_AUTOS = YES_AGGRESSIVE;
				GCC_WARN_UNUSED_FUNCTION = YES;
				GCC_WARN_UNUSED_VARIABLE = YES;
				IPHONEOS_DEPLOYMENT_TARGET = 16.0;
				MTL_ENABLE_DEBUG_INFO = INCLUDE_SOURCE;
				MTL_FAST_MATH = YES;
				ONLY_ACTIVE_ARCH = YES;
				SDKROOT = iphoneos;
				SWIFT_ACTIVE_COMPILATION_CONDITIONS = DEBUG;
				SWIFT_OPTIMIZATION_LEVEL = "-Onone";
			};
			name = Debug;
		};
		C97EA7162A28896D0082001B /* Release */ = {
			isa = XCBuildConfiguration;
			buildSettings = {
				ALWAYS_SEARCH_USER_PATHS = NO;
				CLANG_ANALYZER_NONNULL = YES;
				CLANG_ANALYZER_NUMBER_OBJECT_CONVERSION = YES_AGGRESSIVE;
				CLANG_CXX_LANGUAGE_STANDARD = "gnu++20";
				CLANG_ENABLE_MODULES = YES;
				CLANG_ENABLE_OBJC_ARC = YES;
				CLANG_ENABLE_OBJC_WEAK = YES;
				CLANG_WARN_BLOCK_CAPTURE_AUTORELEASING = YES;
				CLANG_WARN_BOOL_CONVERSION = YES;
				CLANG_WARN_COMMA = YES;
				CLANG_WARN_CONSTANT_CONVERSION = YES;
				CLANG_WARN_DEPRECATED_OBJC_IMPLEMENTATIONS = YES;
				CLANG_WARN_DIRECT_OBJC_ISA_USAGE = YES_ERROR;
				CLANG_WARN_DOCUMENTATION_COMMENTS = YES;
				CLANG_WARN_EMPTY_BODY = YES;
				CLANG_WARN_ENUM_CONVERSION = YES;
				CLANG_WARN_INFINITE_RECURSION = YES;
				CLANG_WARN_INT_CONVERSION = YES;
				CLANG_WARN_NON_LITERAL_NULL_CONVERSION = YES;
				CLANG_WARN_OBJC_IMPLICIT_RETAIN_SELF = YES;
				CLANG_WARN_OBJC_LITERAL_CONVERSION = YES;
				CLANG_WARN_OBJC_ROOT_CLASS = YES_ERROR;
				CLANG_WARN_QUOTED_INCLUDE_IN_FRAMEWORK_HEADER = YES;
				CLANG_WARN_RANGE_LOOP_ANALYSIS = YES;
				CLANG_WARN_STRICT_PROTOTYPES = YES;
				CLANG_WARN_SUSPICIOUS_MOVE = YES;
				CLANG_WARN_UNGUARDED_AVAILABILITY = YES_AGGRESSIVE;
				CLANG_WARN_UNREACHABLE_CODE = YES;
				CLANG_WARN__DUPLICATE_METHOD_MATCH = YES;
				COPY_PHASE_STRIP = NO;
				DEBUG_INFORMATION_FORMAT = "dwarf-with-dsym";
				ENABLE_NS_ASSERTIONS = NO;
				ENABLE_STRICT_OBJC_MSGSEND = YES;
				GCC_C_LANGUAGE_STANDARD = gnu11;
				GCC_NO_COMMON_BLOCKS = YES;
				GCC_WARN_64_TO_32_BIT_CONVERSION = YES;
				GCC_WARN_ABOUT_RETURN_TYPE = YES_ERROR;
				GCC_WARN_UNDECLARED_SELECTOR = YES;
				GCC_WARN_UNINITIALIZED_AUTOS = YES_AGGRESSIVE;
				GCC_WARN_UNUSED_FUNCTION = YES;
				GCC_WARN_UNUSED_VARIABLE = YES;
				IPHONEOS_DEPLOYMENT_TARGET = 16.0;
				MTL_ENABLE_DEBUG_INFO = NO;
				MTL_FAST_MATH = YES;
				SDKROOT = iphoneos;
				SWIFT_COMPILATION_MODE = wholemodule;
				SWIFT_OPTIMIZATION_LEVEL = "-O";
				VALIDATE_PRODUCT = YES;
			};
			name = Release;
		};
		C97EA7182A28896D0082001B /* Debug */ = {
			isa = XCBuildConfiguration;
			buildSettings = {
				ASSETCATALOG_COMPILER_APPICON_NAME = AppIcon;
				ASSETCATALOG_COMPILER_GLOBAL_ACCENT_COLOR_NAME = AccentColor;
				CODE_SIGN_STYLE = Automatic;
				CURRENT_PROJECT_VERSION = 1;
				DEVELOPMENT_ASSET_PATHS = "\"Vatterso/Preview Content\"";
				DEVELOPMENT_TEAM = LT68BJ94W7;
				ENABLE_PREVIEWS = YES;
				GENERATE_INFOPLIST_FILE = YES;
				INFOPLIST_FILE = Vatterso/Info.plist;
				INFOPLIST_KEY_CFBundleDisplayName = "Vättersö";
				INFOPLIST_KEY_UIApplicationSceneManifest_Generation = YES;
				INFOPLIST_KEY_UIApplicationSupportsIndirectInputEvents = YES;
				INFOPLIST_KEY_UILaunchScreen_Generation = YES;
				INFOPLIST_KEY_UIStatusBarStyle = UIStatusBarStyleLightContent;
				INFOPLIST_KEY_UISupportedInterfaceOrientations = "UIInterfaceOrientationLandscapeRight UIInterfaceOrientationPortrait";
				INFOPLIST_KEY_UISupportedInterfaceOrientations_iPad = "UIInterfaceOrientationLandscapeLeft UIInterfaceOrientationLandscapeRight UIInterfaceOrientationPortrait";
				LD_RUNPATH_SEARCH_PATHS = (
					"$(inherited)",
					"@executable_path/Frameworks",
				);
				MARKETING_VERSION = 1.0;
				PRODUCT_BUNDLE_IDENTIFIER = kriang.Vatterso;
				PRODUCT_NAME = "$(TARGET_NAME)";
				SWIFT_EMIT_LOC_STRINGS = YES;
				SWIFT_VERSION = 5.0;
				TARGETED_DEVICE_FAMILY = "1,2";
			};
			name = Debug;
		};
		C97EA7192A28896D0082001B /* Release */ = {
			isa = XCBuildConfiguration;
			buildSettings = {
				ASSETCATALOG_COMPILER_APPICON_NAME = AppIcon;
				ASSETCATALOG_COMPILER_GLOBAL_ACCENT_COLOR_NAME = AccentColor;
				CODE_SIGN_STYLE = Automatic;
				CURRENT_PROJECT_VERSION = 1;
				DEVELOPMENT_ASSET_PATHS = "\"Vatterso/Preview Content\"";
				DEVELOPMENT_TEAM = LT68BJ94W7;
				ENABLE_PREVIEWS = YES;
				GENERATE_INFOPLIST_FILE = YES;
				INFOPLIST_FILE = Vatterso/Info.plist;
				INFOPLIST_KEY_CFBundleDisplayName = "Vättersö";
				INFOPLIST_KEY_UIApplicationSceneManifest_Generation = YES;
				INFOPLIST_KEY_UIApplicationSupportsIndirectInputEvents = YES;
				INFOPLIST_KEY_UILaunchScreen_Generation = YES;
				INFOPLIST_KEY_UIStatusBarStyle = UIStatusBarStyleLightContent;
				INFOPLIST_KEY_UISupportedInterfaceOrientations = "UIInterfaceOrientationLandscapeRight UIInterfaceOrientationPortrait";
				INFOPLIST_KEY_UISupportedInterfaceOrientations_iPad = "UIInterfaceOrientationLandscapeLeft UIInterfaceOrientationLandscapeRight UIInterfaceOrientationPortrait";
				LD_RUNPATH_SEARCH_PATHS = (
					"$(inherited)",
					"@executable_path/Frameworks",
				);
				MARKETING_VERSION = 1.0;
				PRODUCT_BUNDLE_IDENTIFIER = kriang.Vatterso;
				PRODUCT_NAME = "$(TARGET_NAME)";
				SWIFT_EMIT_LOC_STRINGS = YES;
				SWIFT_VERSION = 5.0;
				TARGETED_DEVICE_FAMILY = "1,2";
			};
			name = Release;
		};
		C97EA71B2A28896D0082001B /* Debug */ = {
			isa = XCBuildConfiguration;
			buildSettings = {
				ALWAYS_EMBED_SWIFT_STANDARD_LIBRARIES = YES;
				BUNDLE_LOADER = "$(TEST_HOST)";
				CODE_SIGN_STYLE = Automatic;
				CURRENT_PROJECT_VERSION = 1;
				DEVELOPMENT_TEAM = LT68BJ94W7;
				GENERATE_INFOPLIST_FILE = YES;
				IPHONEOS_DEPLOYMENT_TARGET = 16.2;
				MARKETING_VERSION = 1.0;
				PRODUCT_BUNDLE_IDENTIFIER = kriang.VattersoTests;
				PRODUCT_NAME = "$(TARGET_NAME)";
				SWIFT_EMIT_LOC_STRINGS = NO;
				SWIFT_VERSION = 5.0;
				TARGETED_DEVICE_FAMILY = "1,2";
				TEST_HOST = "$(BUILT_PRODUCTS_DIR)/Vatterso.app/$(BUNDLE_EXECUTABLE_FOLDER_PATH)/Vatterso";
			};
			name = Debug;
		};
		C97EA71C2A28896D0082001B /* Release */ = {
			isa = XCBuildConfiguration;
			buildSettings = {
				ALWAYS_EMBED_SWIFT_STANDARD_LIBRARIES = YES;
				BUNDLE_LOADER = "$(TEST_HOST)";
				CODE_SIGN_STYLE = Automatic;
				CURRENT_PROJECT_VERSION = 1;
				DEVELOPMENT_TEAM = LT68BJ94W7;
				GENERATE_INFOPLIST_FILE = YES;
				IPHONEOS_DEPLOYMENT_TARGET = 16.2;
				MARKETING_VERSION = 1.0;
				PRODUCT_BUNDLE_IDENTIFIER = kriang.VattersoTests;
				PRODUCT_NAME = "$(TARGET_NAME)";
				SWIFT_EMIT_LOC_STRINGS = NO;
				SWIFT_VERSION = 5.0;
				TARGETED_DEVICE_FAMILY = "1,2";
				TEST_HOST = "$(BUILT_PRODUCTS_DIR)/Vatterso.app/$(BUNDLE_EXECUTABLE_FOLDER_PATH)/Vatterso";
			};
			name = Release;
		};
		C97EA71E2A28896D0082001B /* Debug */ = {
			isa = XCBuildConfiguration;
			buildSettings = {
				ALWAYS_EMBED_SWIFT_STANDARD_LIBRARIES = YES;
				CODE_SIGN_STYLE = Automatic;
				CURRENT_PROJECT_VERSION = 1;
				DEVELOPMENT_TEAM = LT68BJ94W7;
				GENERATE_INFOPLIST_FILE = YES;
				MARKETING_VERSION = 1.0;
				PRODUCT_BUNDLE_IDENTIFIER = kriang.VattersoUITests;
				PRODUCT_NAME = "$(TARGET_NAME)";
				SWIFT_EMIT_LOC_STRINGS = NO;
				SWIFT_VERSION = 5.0;
				TARGETED_DEVICE_FAMILY = "1,2";
				TEST_TARGET_NAME = Vatterso;
			};
			name = Debug;
		};
		C97EA71F2A28896D0082001B /* Release */ = {
			isa = XCBuildConfiguration;
			buildSettings = {
				ALWAYS_EMBED_SWIFT_STANDARD_LIBRARIES = YES;
				CODE_SIGN_STYLE = Automatic;
				CURRENT_PROJECT_VERSION = 1;
				DEVELOPMENT_TEAM = LT68BJ94W7;
				GENERATE_INFOPLIST_FILE = YES;
				MARKETING_VERSION = 1.0;
				PRODUCT_BUNDLE_IDENTIFIER = kriang.VattersoUITests;
				PRODUCT_NAME = "$(TARGET_NAME)";
				SWIFT_EMIT_LOC_STRINGS = NO;
				SWIFT_VERSION = 5.0;
				TARGETED_DEVICE_FAMILY = "1,2";
				TEST_TARGET_NAME = Vatterso;
			};
			name = Release;
		};
/* End XCBuildConfiguration section */

/* Begin XCConfigurationList section */
		C97EA6E92A2889660082001B /* Build configuration list for PBXProject "Vatterso" */ = {
			isa = XCConfigurationList;
			buildConfigurations = (
				C97EA7152A28896D0082001B /* Debug */,
				C97EA7162A28896D0082001B /* Release */,
			);
			defaultConfigurationIsVisible = 0;
			defaultConfigurationName = Release;
		};
		C97EA7172A28896D0082001B /* Build configuration list for PBXNativeTarget "Vatterso" */ = {
			isa = XCConfigurationList;
			buildConfigurations = (
				C97EA7182A28896D0082001B /* Debug */,
				C97EA7192A28896D0082001B /* Release */,
			);
			defaultConfigurationIsVisible = 0;
			defaultConfigurationName = Release;
		};
		C97EA71A2A28896D0082001B /* Build configuration list for PBXNativeTarget "VattersoTests" */ = {
			isa = XCConfigurationList;
			buildConfigurations = (
				C97EA71B2A28896D0082001B /* Debug */,
				C97EA71C2A28896D0082001B /* Release */,
			);
			defaultConfigurationIsVisible = 0;
			defaultConfigurationName = Release;
		};
		C97EA71D2A28896D0082001B /* Build configuration list for PBXNativeTarget "VattersoUITests" */ = {
			isa = XCConfigurationList;
			buildConfigurations = (
				C97EA71E2A28896D0082001B /* Debug */,
				C97EA71F2A28896D0082001B /* Release */,
			);
			defaultConfigurationIsVisible = 0;
			defaultConfigurationName = Release;
		};
/* End XCConfigurationList section */

/* Begin XCRemoteSwiftPackageReference section */
		C91259D82AAB33B700A74B16 /* XCRemoteSwiftPackageReference "SwiftSoup" */ = {
			isa = XCRemoteSwiftPackageReference;
			repositoryURL = "https://github.com/scinfu/SwiftSoup";
			requirement = {
				kind = upToNextMajorVersion;
				minimumVersion = 2.0.0;
			};
		};
/* End XCRemoteSwiftPackageReference section */

/* Begin XCSwiftPackageProductDependency section */
		C91259D92AAB33B700A74B16 /* SwiftSoup */ = {
			isa = XCSwiftPackageProductDependency;
			package = C91259D82AAB33B700A74B16 /* XCRemoteSwiftPackageReference "SwiftSoup" */;
			productName = SwiftSoup;
		};
/* End XCSwiftPackageProductDependency section */

/* Begin XCVersionGroup section */
		C97EA6FC2A28896C0082001B /* Vatterso.xcdatamodeld */ = {
			isa = XCVersionGroup;
			children = (
				C97EA6FD2A28896C0082001B /* Vatterso.xcdatamodel */,
			);
			currentVersion = C97EA6FD2A28896C0082001B /* Vatterso.xcdatamodel */;
			path = Vatterso.xcdatamodeld;
			sourceTree = "<group>";
			versionGroupType = wrapper.xcdatamodel;
		};
/* End XCVersionGroup section */
	};
	rootObject = C97EA6E62A2889660082001B /* Project object */;
}
